
Microsoft Visual Studio Solution File, Format Version 12.00
# Visual Studio 15
VisualStudioVersion = 15.0.27703.2026
MinimumVisualStudioVersion = 10.0.40219.1
Project("{FAE04EC0-301F-11D3-BF4B-00C04F79EFBC}") = "First_ASP_NET_MVC_App", "First_ASP_NET_MVC_App\First_ASP_NET_MVC_App.csproj", "{76D1F91A-ABE8-4164-85A3-08D8DED06470}"
EndProject
Global
	GlobalSection(SolutionConfigurationPlatforms) = preSolution
		Debug|Any CPU = Debug|Any CPU
		Release|Any CPU = Release|Any CPU
	EndGlobalSection
	GlobalSection(ProjectConfigurationPlatforms) = postSolution
		{76D1F91A-ABE8-4164-85A3-08D8DED06470}.Debug|Any CPU.ActiveCfg = Debug|Any CPU
		{76D1F91A-ABE8-4164-85A3-08D8DED06470}.Debug|Any CPU.Build.0 = Debug|Any CPU
		{76D1F91A-ABE8-4164-85A3-08D8DED06470}.Release|Any CPU.ActiveCfg = Release|Any CPU
		{76D1F91A-ABE8-4164-85A3-08D8DED06470}.Release|Any CPU.Build.0 = Release|Any CPU
	EndGlobalSection
	GlobalSection(SolutionProperties) = preSolution
		HideSolutionNode = FALSE
	EndGlobalSection
	GlobalSection(ExtensibilityGlobals) = postSolution
		SolutionGuid = {7BBB8448-54F8-48DA-9E0C-9A61C393AD76}
	EndGlobalSection
EndGlobal
